
Microsoft Visual Studio Solution File, Format Version 12.00
# Visual Studio Version 16
VisualStudioVersion = 16.0.30002.166
MinimumVisualStudioVersion = 10.0.40219.1
Project("{FAE04EC0-301F-11D3-BF4B-00C04F79EFBC}") = "ASD_LAB_11", "ASD_LAB_11\ASD_LAB_11.csproj", "{79260A61-7DCD-4A27-882B-34AC7C97202A}"
EndProject
Global
	GlobalSection(SolutionConfigurationPlatforms) = preSolution
		Debug|Any CPU = Debug|Any CPU
		Release|Any CPU = Release|Any CPU
	EndGlobalSection
	GlobalSection(ProjectConfigurationPlatforms) = postSolution
		{79260A61-7DCD-4A27-882B-34AC7C97202A}.Debug|Any CPU.ActiveCfg = Debug|Any CPU
		{79260A61-7DCD-4A27-882B-34AC7C97202A}.Debug|Any CPU.Build.0 = Debug|Any CPU
		{79260A61-7DCD-4A27-882B-34AC7C97202A}.Release|Any CPU.ActiveCfg = Release|Any CPU
		{79260A61-7DCD-4A27-882B-34AC7C97202A}.Release|Any CPU.Build.0 = Release|Any CPU
	EndGlobalSection
	GlobalSection(SolutionProperties) = preSolution
		HideSolutionNode = FALSE
	EndGlobalSection
	GlobalSection(ExtensibilityGlobals) = postSolution
		SolutionGuid = {8CE0BE72-EF44-485D-BA31-BEE4EE316166}
	EndGlobalSection
EndGlobal
